
Microsoft Visual Studio Solution File, Format Version 12.00
# Visual Studio Version 17
VisualStudioVersion = 17.1.32328.378
MinimumVisualStudioVersion = 10.0.40219.1
Project("{9A19103F-16F7-4668-BE54-9A1E7A4F7556}") = "Anabasis.EventStore.Tests", "Anabasis.EventStore.Tests\Anabasis.EventStore.Tests.csproj", "{880494C5-7D5A-45EC-AA9D-45C21B429ED6}"
EndProject
Project("{9A19103F-16F7-4668-BE54-9A1E7A4F7556}") = "Anabasis.EventStore", "Anabasis.EventStore\Anabasis.EventStore.csproj", "{BDBC029E-D3DD-41C4-9EE7-4F5699224E99}"
EndProject
Project("{2150E333-8FDC-42A3-9474-1A3956D46DE8}") = "Solution Items", "Solution Items", "{2751A486-6A83-4D62-B37E-713DAC303FD8}"
	ProjectSection(SolutionItems) = preProject
		.gitignore = .gitignore
		appveyor.yml = appveyor.yml
		docker-compose.yaml = docker-compose.yaml
		README.md = README.md
	EndProjectSection
EndProject
Project("{9A19103F-16F7-4668-BE54-9A1E7A4F7556}") = "Anabasis.EventStore.Demo.Standalone", "Anabasis.EventStore.Demo.Standalone\Anabasis.EventStore.Demo.Standalone.csproj", "{265F3478-5371-49E5-985D-CE6CBCE60931}"
EndProject
Project("{9A19103F-16F7-4668-BE54-9A1E7A4F7556}") = "Anabasis.EventStore.Tests.Integration", "Anabasis.EventStore.Tests.Integration\Anabasis.EventStore.Tests.Integration.csproj", "{5DC81E11-2F10-4C7A-BBE5-F84391509929}"
EndProject
Project("{9A19103F-16F7-4668-BE54-9A1E7A4F7556}") = "Anabasis.EventStore.Demo.AspNet", "Anabasis.EventStore.Demo.AspNet\Anabasis.EventStore.Demo.AspNet.csproj", "{2E3CCB30-4D28-4A4B-A7AB-AB0728B5AD91}"
EndProject
Project("{9A19103F-16F7-4668-BE54-9A1E7A4F7556}") = "Anabasis.EventStore.Samples", "Anabasis.EventStore.Samples\Anabasis.EventStore.Samples.csproj", "{38EB4ACA-07B1-4174-A780-D60422FA0290}"
EndProject
Project("{9A19103F-16F7-4668-BE54-9A1E7A4F7556}") = "Anabasis.EventStore.Demo", "Anabasis.EventStore.Demo\Anabasis.EventStore.Demo.csproj", "{3DAF5531-5E8C-4CEE-B483-6A0C17E11532}"
EndProject
Project("{9A19103F-16F7-4668-BE54-9A1E7A4F7556}") = "Anabasis.EventStore.Snapshot.InMemory", "Anabasis.EventStore.Snapshot.InMemory\Anabasis.EventStore.Snapshot.InMemory.csproj", "{2D88954B-9B00-4974-9A33-EF4324396FC1}"
EndProject
Project("{9A19103F-16F7-4668-BE54-9A1E7A4F7556}") = "Anabasis.EventStore.Standalone", "Anabasis.EventStore.Standalone\Anabasis.EventStore.Standalone.csproj", "{676A86DC-BE16-477E-81D3-04868EA2F766}"
EndProject
Project("{9A19103F-16F7-4668-BE54-9A1E7A4F7556}") = "Anabasis.Api", "Anabasis.Api\Anabasis.Api.csproj", "{50F1D998-C89D-4165-AE57-A42DE2EA2FDA}"
EndProject
Project("{9A19103F-16F7-4668-BE54-9A1E7A4F7556}") = "Anabasis.Common", "Anabasis.Common\Anabasis.Common.csproj", "{461F3CAB-F0C8-49C1-8469-94A84C416502}"
EndProject
Project("{9A19103F-16F7-4668-BE54-9A1E7A4F7556}") = "Anabasis.Api.Tests", "Anabasis.Api.Tests\Anabasis.Api.Tests.csproj", "{63CE5E31-C1A5-42CB-9A33-CAC678582A20}"
EndProject
Project("{2150E333-8FDC-42A3-9474-1A3956D46DE8}") = "Demos", "Demos", "{3171A6FA-BB69-42C3-BFCA-767B724D0BD5}"
EndProject
Project("{2150E333-8FDC-42A3-9474-1A3956D46DE8}") = "Tests", "Tests", "{B527C126-4A06-44F1-B15B-6DF04DF91A0A}"
EndProject
Project("{2150E333-8FDC-42A3-9474-1A3956D46DE8}") = "Samples", "Samples", "{A1D40EE1-515C-4DA7-A279-B2C805B15667}"
EndProject
Project("{9A19103F-16F7-4668-BE54-9A1E7A4F7556}") = "Anabasis.RabbitMQ", "Anabasis.RabbitMQ\Anabasis.RabbitMQ.csproj", "{74B39DAA-790E-4233-966F-F936E3D87C6C}"
EndProject
Project("{9A19103F-16F7-4668-BE54-9A1E7A4F7556}") = "Anabasis.SignalR", "Anabasis.SignalR\Anabasis.SignalR.csproj", "{89A9F8CD-37CD-45D2-8F71-2724D4B68A8D}"
EndProject
Project("{9A19103F-16F7-4668-BE54-9A1E7A4F7556}") = "Anabasis.Deployment", "Anabasis.Deployment\Anabasis.Deployment.csproj", "{3173D664-12E3-436C-80BA-FC7D72FABFDC}"
EndProject
Project("{9A19103F-16F7-4668-BE54-9A1E7A4F7556}") = "Anabasis.RabbitMQ.Tests.Integration", "Anabasis.RabbitMQ.Tests.Integration\Anabasis.RabbitMQ.Tests.Integration.csproj", "{701E9868-F460-478B-8144-858797ED1D73}"
EndProject
Project("{9A19103F-16F7-4668-BE54-9A1E7A4F7556}") = "Anabasis.OAuth", "Anabasis.OAuth\Anabasis.OAuth.csproj", "{F142F7CA-8FE0-42FB-AFA2-E0B2E7978AD9}"
EndProject
Project("{9A19103F-16F7-4668-BE54-9A1E7A4F7556}") = "Anabasis.EntityFramework", "Anabasis.EntityFramework\Anabasis.EntityFramework.csproj", "{2FA17CC9-EBF7-478E-87CA-16AAEB832FB3}"
EndProject
Project("{9A19103F-16F7-4668-BE54-9A1E7A4F7556}") = "Anabasis.EntityFramework.Tests.Integration", "Anabasis.EntityFramework.Tests.Integration\Anabasis.EntityFramework.Tests.Integration.csproj", "{600DBE8A-0B06-46E2-9453-971DCAE12646}"
EndProject
Project("{9A19103F-16F7-4668-BE54-9A1E7A4F7556}") = "Anabasis.Deployment.Tests", "Anabasis.Deployment.Tests\Anabasis.Deployment.Tests.csproj", "{ADFBD07B-ABB3-4688-89CD-B743DE9880FB}"
EndProject
Project("{9A19103F-16F7-4668-BE54-9A1E7A4F7556}") = "Anabasis.Deployment.Test.App", "Anabasis.Deployment.Test.App\Anabasis.Deployment.Test.App.csproj", "{11548DDB-82E0-4AEE-BB02-2DF4099C905B}"
EndProject
Project("{9A19103F-16F7-4668-BE54-9A1E7A4F7556}") = "_build", "build\_build.csproj", "{CDDF37C1-F419-4962-B138-014B2063322E}"
EndProject
Project("{9A19103F-16F7-4668-BE54-9A1E7A4F7556}") = "Anabasis.Api.Tests.Common", "Anabasis.Api.Tests.Common\Anabasis.Api.Tests.Common.csproj", "{1D5797C4-FFB5-48F2-A16C-2F45004FC8AD}"
EndProject
Project("{9A19103F-16F7-4668-BE54-9A1E7A4F7556}") = "Anabasis.Api.Demo", "Anabasis.Api.Demo\Anabasis.Api.Demo.csproj", "{F418F409-9F7C-4538-9B32-90FF8F8427FF}"
EndProject
Project("{9A19103F-16F7-4668-BE54-9A1E7A4F7556}") = "Anabasis.EventStore.AspNet.Embedded", "Anabasis.EventStore.AspNet.Embedded\Anabasis.EventStore.AspNet.Embedded.csproj", "{BDD36391-63DF-47D9-A41E-8823D789EF7B}"
EndProject
Project("{9A19103F-16F7-4668-BE54-9A1E7A4F7556}") = "Anabasis.EventStore.Standalone.Embedded", "Anabasis.EventStore.Standalone.Embedded\Anabasis.EventStore.Standalone.Embedded.csproj", "{3DB79391-E557-4D0E-A119-0738142CA268}"
EndProject
Project("{9A19103F-16F7-4668-BE54-9A1E7A4F7556}") = "Anabasis.EventStore.AspNet", "Anabasis.EventStore.AspNet\Anabasis.EventStore.AspNet.csproj", "{7E5D6920-030B-41B1-9CF5-BA15879E1103}"
EndProject
Project("{2150E333-8FDC-42A3-9474-1A3956D46DE8}") = "EventStore", "EventStore", "{6954AE1E-F39B-43DF-96C9-8C1C46E2D987}"
EndProject
Project("{9A19103F-16F7-4668-BE54-9A1E7A4F7556}") = "Anabasis.EventStore.Snapshot.SQLServer", "Anabasis.EventStore.Snapshot.SQLServer\Anabasis.EventStore.Snapshot.SQLServer.csproj", "{98C14A96-3ECC-4627-A2C3-3A428BF4DD9F}"
EndProject
Project("{9A19103F-16F7-4668-BE54-9A1E7A4F7556}") = "Anabasis.CodeGen", "Anabasis.CodeGen\Anabasis.CodeGen.csproj", "{39FB9F9C-A879-4764-B7E5-02469A331CC1}"
EndProject
Project("{9A19103F-16F7-4668-BE54-9A1E7A4F7556}") = "Anabasis.Worker.Tests", "Anabasis.Worker.Tests\Anabasis.Worker.Tests.csproj", "{1ED283C0-18C5-4E9A-B75F-BA6FA1FD9F26}"
EndProject
Project("{9A19103F-16F7-4668-BE54-9A1E7A4F7556}") = "Anabasis.EventHubs", "Anabasis.EventHubs\Anabasis.EventHubs.csproj", "{1A7833B1-2E00-4529-BDE8-C078BB95B6A1}"
EndProject
Project("{9A19103F-16F7-4668-BE54-9A1E7A4F7556}") = "Anabasis.EventHubs.Tests.Integration", "Anabasis.EventHubs.Tests.Integration\Anabasis.EventHubs.Tests.Integration.csproj", "{F4A15E98-D1D6-443D-B9A9-E97502B59B80}"
EndProject
Project("{9A19103F-16F7-4668-BE54-9A1E7A4F7556}") = "Anabasis.EventStore.Samples2", "Anabasis.EventStore.Samples2\Anabasis.EventStore.Samples2.csproj", "{977E5186-1E9F-4FBD-B5CD-E85560A985AB}"
EndProject
Project("{9A19103F-16F7-4668-BE54-9A1E7A4F7556}") = "Anabasis.RabbitMQ.Demo", "Anabasis.RabbitMQ.Demo\Anabasis.RabbitMQ.Demo.csproj", "{0DF56795-659B-4F30-99DE-B20079A8F925}"
EndProject
Project("{9A19103F-16F7-4668-BE54-9A1E7A4F7556}") = "Anabasis.RabbitMQ.Demo2", "Anabasis.RabbitMQ.Demo2\Anabasis.RabbitMQ.Demo2.csproj", "{73B69C4D-A864-4000-992B-5FD71A20C852}"
EndProject
Project("{9A19103F-16F7-4668-BE54-9A1E7A4F7556}") = "Anabasis.Insights", "Anabasis.Insights\Anabasis.Insights.csproj", "{70629021-1A91-49AC-80C9-C661A09F9E20}"
EndProject
Project("{9A19103F-16F7-4668-BE54-9A1E7A4F7556}") = "Anabasis.TableStorage", "Anabasis.TableStorage\Anabasis.TableStorage.csproj", "{EC2DCBDA-59C0-44D9-B74D-276867900D7F}"
EndProject
Project("{9A19103F-16F7-4668-BE54-9A1E7A4F7556}") = "Anabasis.QueueStorage", "Anabasis.QueueStorage\Anabasis.QueueStorage.csproj", "{94242F69-668C-46DE-9DEC-883202D3D239}"
EndProject
Global
	GlobalSection(SolutionConfigurationPlatforms) = preSolution
		Debug|Any CPU = Debug|Any CPU
		Debug|x64 = Debug|x64
		Release|Any CPU = Release|Any CPU
		Release|x64 = Release|x64
	EndGlobalSection
	GlobalSection(ProjectConfigurationPlatforms) = postSolution
		{880494C5-7D5A-45EC-AA9D-45C21B429ED6}.Debug|Any CPU.ActiveCfg = Debug|Any CPU
		{880494C5-7D5A-45EC-AA9D-45C21B429ED6}.Debug|Any CPU.Build.0 = Debug|Any CPU
		{880494C5-7D5A-45EC-AA9D-45C21B429ED6}.Debug|x64.ActiveCfg = Debug|x64
		{880494C5-7D5A-45EC-AA9D-45C21B429ED6}.Debug|x64.Build.0 = Debug|x64
		{880494C5-7D5A-45EC-AA9D-45C21B429ED6}.Release|Any CPU.ActiveCfg = Release|Any CPU
		{880494C5-7D5A-45EC-AA9D-45C21B429ED6}.Release|Any CPU.Build.0 = Release|Any CPU
		{880494C5-7D5A-45EC-AA9D-45C21B429ED6}.Release|x64.ActiveCfg = Release|x64
		{880494C5-7D5A-45EC-AA9D-45C21B429ED6}.Release|x64.Build.0 = Release|x64
		{BDBC029E-D3DD-41C4-9EE7-4F5699224E99}.Debug|Any CPU.ActiveCfg = Debug|Any CPU
		{BDBC029E-D3DD-41C4-9EE7-4F5699224E99}.Debug|Any CPU.Build.0 = Debug|Any CPU
		{BDBC029E-D3DD-41C4-9EE7-4F5699224E99}.Debug|x64.ActiveCfg = Debug|x64
		{BDBC029E-D3DD-41C4-9EE7-4F5699224E99}.Debug|x64.Build.0 = Debug|x64
		{BDBC029E-D3DD-41C4-9EE7-4F5699224E99}.Release|Any CPU.ActiveCfg = Release|Any CPU
		{BDBC029E-D3DD-41C4-9EE7-4F5699224E99}.Release|Any CPU.Build.0 = Release|Any CPU
		{BDBC029E-D3DD-41C4-9EE7-4F5699224E99}.Release|x64.ActiveCfg = Release|Any CPU
		{BDBC029E-D3DD-41C4-9EE7-4F5699224E99}.Release|x64.Build.0 = Release|Any CPU
		{265F3478-5371-49E5-985D-CE6CBCE60931}.Debug|Any CPU.ActiveCfg = Debug|Any CPU
		{265F3478-5371-49E5-985D-CE6CBCE60931}.Debug|Any CPU.Build.0 = Debug|Any CPU
		{265F3478-5371-49E5-985D-CE6CBCE60931}.Debug|x64.ActiveCfg = Debug|x64
		{265F3478-5371-49E5-985D-CE6CBCE60931}.Debug|x64.Build.0 = Debug|x64
		{265F3478-5371-49E5-985D-CE6CBCE60931}.Release|Any CPU.ActiveCfg = Release|Any CPU
		{265F3478-5371-49E5-985D-CE6CBCE60931}.Release|Any CPU.Build.0 = Release|Any CPU
		{265F3478-5371-49E5-985D-CE6CBCE60931}.Release|x64.ActiveCfg = Release|Any CPU
		{265F3478-5371-49E5-985D-CE6CBCE60931}.Release|x64.Build.0 = Release|Any CPU
		{5DC81E11-2F10-4C7A-BBE5-F84391509929}.Debug|Any CPU.ActiveCfg = Debug|Any CPU
		{5DC81E11-2F10-4C7A-BBE5-F84391509929}.Debug|Any CPU.Build.0 = Debug|Any CPU
		{5DC81E11-2F10-4C7A-BBE5-F84391509929}.Debug|x64.ActiveCfg = Debug|Any CPU
		{5DC81E11-2F10-4C7A-BBE5-F84391509929}.Debug|x64.Build.0 = Debug|Any CPU
		{5DC81E11-2F10-4C7A-BBE5-F84391509929}.Release|Any CPU.ActiveCfg = Release|Any CPU
		{5DC81E11-2F10-4C7A-BBE5-F84391509929}.Release|Any CPU.Build.0 = Release|Any CPU
		{5DC81E11-2F10-4C7A-BBE5-F84391509929}.Release|x64.ActiveCfg = Release|Any CPU
		{5DC81E11-2F10-4C7A-BBE5-F84391509929}.Release|x64.Build.0 = Release|Any CPU
		{2E3CCB30-4D28-4A4B-A7AB-AB0728B5AD91}.Debug|Any CPU.ActiveCfg = Debug|Any CPU
		{2E3CCB30-4D28-4A4B-A7AB-AB0728B5AD91}.Debug|Any CPU.Build.0 = Debug|Any CPU
		{2E3CCB30-4D28-4A4B-A7AB-AB0728B5AD91}.Debug|x64.ActiveCfg = Debug|Any CPU
		{2E3CCB30-4D28-4A4B-A7AB-AB0728B5AD91}.Debug|x64.Build.0 = Debug|Any CPU
		{2E3CCB30-4D28-4A4B-A7AB-AB0728B5AD91}.Release|Any CPU.ActiveCfg = Release|Any CPU
		{2E3CCB30-4D28-4A4B-A7AB-AB0728B5AD91}.Release|Any CPU.Build.0 = Release|Any CPU
		{2E3CCB30-4D28-4A4B-A7AB-AB0728B5AD91}.Release|x64.ActiveCfg = Release|Any CPU
		{2E3CCB30-4D28-4A4B-A7AB-AB0728B5AD91}.Release|x64.Build.0 = Release|Any CPU
		{38EB4ACA-07B1-4174-A780-D60422FA0290}.Debug|Any CPU.ActiveCfg = Debug|Any CPU
		{38EB4ACA-07B1-4174-A780-D60422FA0290}.Debug|Any CPU.Build.0 = Debug|Any CPU
		{38EB4ACA-07B1-4174-A780-D60422FA0290}.Debug|x64.ActiveCfg = Debug|Any CPU
		{38EB4ACA-07B1-4174-A780-D60422FA0290}.Debug|x64.Build.0 = Debug|Any CPU
		{38EB4ACA-07B1-4174-A780-D60422FA0290}.Release|Any CPU.ActiveCfg = Release|Any CPU
		{38EB4ACA-07B1-4174-A780-D60422FA0290}.Release|Any CPU.Build.0 = Release|Any CPU
		{38EB4ACA-07B1-4174-A780-D60422FA0290}.Release|x64.ActiveCfg = Release|Any CPU
		{38EB4ACA-07B1-4174-A780-D60422FA0290}.Release|x64.Build.0 = Release|Any CPU
		{3DAF5531-5E8C-4CEE-B483-6A0C17E11532}.Debug|Any CPU.ActiveCfg = Debug|Any CPU
		{3DAF5531-5E8C-4CEE-B483-6A0C17E11532}.Debug|Any CPU.Build.0 = Debug|Any CPU
		{3DAF5531-5E8C-4CEE-B483-6A0C17E11532}.Debug|x64.ActiveCfg = Debug|Any CPU
		{3DAF5531-5E8C-4CEE-B483-6A0C17E11532}.Debug|x64.Build.0 = Debug|Any CPU
		{3DAF5531-5E8C-4CEE-B483-6A0C17E11532}.Release|Any CPU.ActiveCfg = Release|Any CPU
		{3DAF5531-5E8C-4CEE-B483-6A0C17E11532}.Release|Any CPU.Build.0 = Release|Any CPU
		{3DAF5531-5E8C-4CEE-B483-6A0C17E11532}.Release|x64.ActiveCfg = Release|Any CPU
		{3DAF5531-5E8C-4CEE-B483-6A0C17E11532}.Release|x64.Build.0 = Release|Any CPU
		{2D88954B-9B00-4974-9A33-EF4324396FC1}.Debug|Any CPU.ActiveCfg = Debug|Any CPU
		{2D88954B-9B00-4974-9A33-EF4324396FC1}.Debug|Any CPU.Build.0 = Debug|Any CPU
		{2D88954B-9B00-4974-9A33-EF4324396FC1}.Debug|x64.ActiveCfg = Debug|Any CPU
		{2D88954B-9B00-4974-9A33-EF4324396FC1}.Debug|x64.Build.0 = Debug|Any CPU
		{2D88954B-9B00-4974-9A33-EF4324396FC1}.Release|Any CPU.ActiveCfg = Release|Any CPU
		{2D88954B-9B00-4974-9A33-EF4324396FC1}.Release|Any CPU.Build.0 = Release|Any CPU
		{2D88954B-9B00-4974-9A33-EF4324396FC1}.Release|x64.ActiveCfg = Release|Any CPU
		{2D88954B-9B00-4974-9A33-EF4324396FC1}.Release|x64.Build.0 = Release|Any CPU
		{676A86DC-BE16-477E-81D3-04868EA2F766}.Debug|Any CPU.ActiveCfg = Debug|Any CPU
		{676A86DC-BE16-477E-81D3-04868EA2F766}.Debug|Any CPU.Build.0 = Debug|Any CPU
		{676A86DC-BE16-477E-81D3-04868EA2F766}.Debug|x64.ActiveCfg = Debug|Any CPU
		{676A86DC-BE16-477E-81D3-04868EA2F766}.Debug|x64.Build.0 = Debug|Any CPU
		{676A86DC-BE16-477E-81D3-04868EA2F766}.Release|Any CPU.ActiveCfg = Release|Any CPU
		{676A86DC-BE16-477E-81D3-04868EA2F766}.Release|Any CPU.Build.0 = Release|Any CPU
		{676A86DC-BE16-477E-81D3-04868EA2F766}.Release|x64.ActiveCfg = Release|Any CPU
		{676A86DC-BE16-477E-81D3-04868EA2F766}.Release|x64.Build.0 = Release|Any CPU
		{50F1D998-C89D-4165-AE57-A42DE2EA2FDA}.Debug|Any CPU.ActiveCfg = Debug|Any CPU
		{50F1D998-C89D-4165-AE57-A42DE2EA2FDA}.Debug|Any CPU.Build.0 = Debug|Any CPU
		{50F1D998-C89D-4165-AE57-A42DE2EA2FDA}.Debug|x64.ActiveCfg = Debug|Any CPU
		{50F1D998-C89D-4165-AE57-A42DE2EA2FDA}.Debug|x64.Build.0 = Debug|Any CPU
		{50F1D998-C89D-4165-AE57-A42DE2EA2FDA}.Release|Any CPU.ActiveCfg = Release|Any CPU
		{50F1D998-C89D-4165-AE57-A42DE2EA2FDA}.Release|Any CPU.Build.0 = Release|Any CPU
		{50F1D998-C89D-4165-AE57-A42DE2EA2FDA}.Release|x64.ActiveCfg = Release|Any CPU
		{50F1D998-C89D-4165-AE57-A42DE2EA2FDA}.Release|x64.Build.0 = Release|Any CPU
		{461F3CAB-F0C8-49C1-8469-94A84C416502}.Debug|Any CPU.ActiveCfg = Debug|Any CPU
		{461F3CAB-F0C8-49C1-8469-94A84C416502}.Debug|Any CPU.Build.0 = Debug|Any CPU
		{461F3CAB-F0C8-49C1-8469-94A84C416502}.Debug|x64.ActiveCfg = Debug|Any CPU
		{461F3CAB-F0C8-49C1-8469-94A84C416502}.Debug|x64.Build.0 = Debug|Any CPU
		{461F3CAB-F0C8-49C1-8469-94A84C416502}.Release|Any CPU.ActiveCfg = Release|Any CPU
		{461F3CAB-F0C8-49C1-8469-94A84C416502}.Release|Any CPU.Build.0 = Release|Any CPU
		{461F3CAB-F0C8-49C1-8469-94A84C416502}.Release|x64.ActiveCfg = Release|Any CPU
		{461F3CAB-F0C8-49C1-8469-94A84C416502}.Release|x64.Build.0 = Release|Any CPU
		{63CE5E31-C1A5-42CB-9A33-CAC678582A20}.Debug|Any CPU.ActiveCfg = Debug|Any CPU
		{63CE5E31-C1A5-42CB-9A33-CAC678582A20}.Debug|Any CPU.Build.0 = Debug|Any CPU
		{63CE5E31-C1A5-42CB-9A33-CAC678582A20}.Debug|x64.ActiveCfg = Debug|Any CPU
		{63CE5E31-C1A5-42CB-9A33-CAC678582A20}.Debug|x64.Build.0 = Debug|Any CPU
		{63CE5E31-C1A5-42CB-9A33-CAC678582A20}.Release|Any CPU.ActiveCfg = Release|Any CPU
		{63CE5E31-C1A5-42CB-9A33-CAC678582A20}.Release|Any CPU.Build.0 = Release|Any CPU
		{63CE5E31-C1A5-42CB-9A33-CAC678582A20}.Release|x64.ActiveCfg = Release|Any CPU
		{63CE5E31-C1A5-42CB-9A33-CAC678582A20}.Release|x64.Build.0 = Release|Any CPU
		{74B39DAA-790E-4233-966F-F936E3D87C6C}.Debug|Any CPU.ActiveCfg = Debug|Any CPU
		{74B39DAA-790E-4233-966F-F936E3D87C6C}.Debug|Any CPU.Build.0 = Debug|Any CPU
		{74B39DAA-790E-4233-966F-F936E3D87C6C}.Debug|x64.ActiveCfg = Debug|Any CPU
		{74B39DAA-790E-4233-966F-F936E3D87C6C}.Debug|x64.Build.0 = Debug|Any CPU
		{74B39DAA-790E-4233-966F-F936E3D87C6C}.Release|Any CPU.ActiveCfg = Release|Any CPU
		{74B39DAA-790E-4233-966F-F936E3D87C6C}.Release|Any CPU.Build.0 = Release|Any CPU
		{74B39DAA-790E-4233-966F-F936E3D87C6C}.Release|x64.ActiveCfg = Release|Any CPU
		{74B39DAA-790E-4233-966F-F936E3D87C6C}.Release|x64.Build.0 = Release|Any CPU
		{89A9F8CD-37CD-45D2-8F71-2724D4B68A8D}.Debug|Any CPU.ActiveCfg = Debug|Any CPU
		{89A9F8CD-37CD-45D2-8F71-2724D4B68A8D}.Debug|Any CPU.Build.0 = Debug|Any CPU
		{89A9F8CD-37CD-45D2-8F71-2724D4B68A8D}.Debug|x64.ActiveCfg = Debug|Any CPU
		{89A9F8CD-37CD-45D2-8F71-2724D4B68A8D}.Debug|x64.Build.0 = Debug|Any CPU
		{89A9F8CD-37CD-45D2-8F71-2724D4B68A8D}.Release|Any CPU.ActiveCfg = Release|Any CPU
		{89A9F8CD-37CD-45D2-8F71-2724D4B68A8D}.Release|Any CPU.Build.0 = Release|Any CPU
		{89A9F8CD-37CD-45D2-8F71-2724D4B68A8D}.Release|x64.ActiveCfg = Release|Any CPU
		{89A9F8CD-37CD-45D2-8F71-2724D4B68A8D}.Release|x64.Build.0 = Release|Any CPU
		{3173D664-12E3-436C-80BA-FC7D72FABFDC}.Debug|Any CPU.ActiveCfg = Debug|Any CPU
		{3173D664-12E3-436C-80BA-FC7D72FABFDC}.Debug|Any CPU.Build.0 = Debug|Any CPU
		{3173D664-12E3-436C-80BA-FC7D72FABFDC}.Debug|x64.ActiveCfg = Debug|Any CPU
		{3173D664-12E3-436C-80BA-FC7D72FABFDC}.Debug|x64.Build.0 = Debug|Any CPU
		{3173D664-12E3-436C-80BA-FC7D72FABFDC}.Release|Any CPU.ActiveCfg = Release|Any CPU
		{3173D664-12E3-436C-80BA-FC7D72FABFDC}.Release|Any CPU.Build.0 = Release|Any CPU
		{3173D664-12E3-436C-80BA-FC7D72FABFDC}.Release|x64.ActiveCfg = Release|Any CPU
		{3173D664-12E3-436C-80BA-FC7D72FABFDC}.Release|x64.Build.0 = Release|Any CPU
		{701E9868-F460-478B-8144-858797ED1D73}.Debug|Any CPU.ActiveCfg = Debug|Any CPU
		{701E9868-F460-478B-8144-858797ED1D73}.Debug|Any CPU.Build.0 = Debug|Any CPU
		{701E9868-F460-478B-8144-858797ED1D73}.Debug|x64.ActiveCfg = Debug|Any CPU
		{701E9868-F460-478B-8144-858797ED1D73}.Debug|x64.Build.0 = Debug|Any CPU
		{701E9868-F460-478B-8144-858797ED1D73}.Release|Any CPU.ActiveCfg = Release|Any CPU
		{701E9868-F460-478B-8144-858797ED1D73}.Release|Any CPU.Build.0 = Release|Any CPU
		{701E9868-F460-478B-8144-858797ED1D73}.Release|x64.ActiveCfg = Release|Any CPU
		{701E9868-F460-478B-8144-858797ED1D73}.Release|x64.Build.0 = Release|Any CPU
		{F142F7CA-8FE0-42FB-AFA2-E0B2E7978AD9}.Debug|Any CPU.ActiveCfg = Debug|Any CPU
		{F142F7CA-8FE0-42FB-AFA2-E0B2E7978AD9}.Debug|Any CPU.Build.0 = Debug|Any CPU
		{F142F7CA-8FE0-42FB-AFA2-E0B2E7978AD9}.Debug|x64.ActiveCfg = Debug|Any CPU
		{F142F7CA-8FE0-42FB-AFA2-E0B2E7978AD9}.Debug|x64.Build.0 = Debug|Any CPU
		{F142F7CA-8FE0-42FB-AFA2-E0B2E7978AD9}.Release|Any CPU.ActiveCfg = Release|Any CPU
		{F142F7CA-8FE0-42FB-AFA2-E0B2E7978AD9}.Release|Any CPU.Build.0 = Release|Any CPU
		{F142F7CA-8FE0-42FB-AFA2-E0B2E7978AD9}.Release|x64.ActiveCfg = Release|Any CPU
		{F142F7CA-8FE0-42FB-AFA2-E0B2E7978AD9}.Release|x64.Build.0 = Release|Any CPU
		{2FA17CC9-EBF7-478E-87CA-16AAEB832FB3}.Debug|Any CPU.ActiveCfg = Debug|Any CPU
		{2FA17CC9-EBF7-478E-87CA-16AAEB832FB3}.Debug|Any CPU.Build.0 = Debug|Any CPU
		{2FA17CC9-EBF7-478E-87CA-16AAEB832FB3}.Debug|x64.ActiveCfg = Debug|Any CPU
		{2FA17CC9-EBF7-478E-87CA-16AAEB832FB3}.Debug|x64.Build.0 = Debug|Any CPU
		{2FA17CC9-EBF7-478E-87CA-16AAEB832FB3}.Release|Any CPU.ActiveCfg = Release|Any CPU
		{2FA17CC9-EBF7-478E-87CA-16AAEB832FB3}.Release|Any CPU.Build.0 = Release|Any CPU
		{2FA17CC9-EBF7-478E-87CA-16AAEB832FB3}.Release|x64.ActiveCfg = Release|Any CPU
		{2FA17CC9-EBF7-478E-87CA-16AAEB832FB3}.Release|x64.Build.0 = Release|Any CPU
		{600DBE8A-0B06-46E2-9453-971DCAE12646}.Debug|Any CPU.ActiveCfg = Debug|Any CPU
		{600DBE8A-0B06-46E2-9453-971DCAE12646}.Debug|Any CPU.Build.0 = Debug|Any CPU
		{600DBE8A-0B06-46E2-9453-971DCAE12646}.Debug|x64.ActiveCfg = Debug|Any CPU
		{600DBE8A-0B06-46E2-9453-971DCAE12646}.Debug|x64.Build.0 = Debug|Any CPU
		{600DBE8A-0B06-46E2-9453-971DCAE12646}.Release|Any CPU.ActiveCfg = Release|Any CPU
		{600DBE8A-0B06-46E2-9453-971DCAE12646}.Release|Any CPU.Build.0 = Release|Any CPU
		{600DBE8A-0B06-46E2-9453-971DCAE12646}.Release|x64.ActiveCfg = Release|Any CPU
		{600DBE8A-0B06-46E2-9453-971DCAE12646}.Release|x64.Build.0 = Release|Any CPU
		{ADFBD07B-ABB3-4688-89CD-B743DE9880FB}.Debug|Any CPU.ActiveCfg = Debug|Any CPU
		{ADFBD07B-ABB3-4688-89CD-B743DE9880FB}.Debug|Any CPU.Build.0 = Debug|Any CPU
		{ADFBD07B-ABB3-4688-89CD-B743DE9880FB}.Debug|x64.ActiveCfg = Debug|Any CPU
		{ADFBD07B-ABB3-4688-89CD-B743DE9880FB}.Debug|x64.Build.0 = Debug|Any CPU
		{ADFBD07B-ABB3-4688-89CD-B743DE9880FB}.Release|Any CPU.ActiveCfg = Release|Any CPU
		{ADFBD07B-ABB3-4688-89CD-B743DE9880FB}.Release|Any CPU.Build.0 = Release|Any CPU
		{ADFBD07B-ABB3-4688-89CD-B743DE9880FB}.Release|x64.ActiveCfg = Release|Any CPU
		{ADFBD07B-ABB3-4688-89CD-B743DE9880FB}.Release|x64.Build.0 = Release|Any CPU
		{11548DDB-82E0-4AEE-BB02-2DF4099C905B}.Debug|Any CPU.ActiveCfg = Debug|Any CPU
		{11548DDB-82E0-4AEE-BB02-2DF4099C905B}.Debug|Any CPU.Build.0 = Debug|Any CPU
		{11548DDB-82E0-4AEE-BB02-2DF4099C905B}.Debug|x64.ActiveCfg = Debug|Any CPU
		{11548DDB-82E0-4AEE-BB02-2DF4099C905B}.Debug|x64.Build.0 = Debug|Any CPU
		{11548DDB-82E0-4AEE-BB02-2DF4099C905B}.Release|Any CPU.ActiveCfg = Release|Any CPU
		{11548DDB-82E0-4AEE-BB02-2DF4099C905B}.Release|Any CPU.Build.0 = Release|Any CPU
		{11548DDB-82E0-4AEE-BB02-2DF4099C905B}.Release|x64.ActiveCfg = Release|Any CPU
		{11548DDB-82E0-4AEE-BB02-2DF4099C905B}.Release|x64.Build.0 = Release|Any CPU
		{CDDF37C1-F419-4962-B138-014B2063322E}.Debug|Any CPU.ActiveCfg = Debug|Any CPU
		{CDDF37C1-F419-4962-B138-014B2063322E}.Debug|x64.ActiveCfg = Debug|Any CPU
		{CDDF37C1-F419-4962-B138-014B2063322E}.Debug|x64.Build.0 = Debug|Any CPU
		{CDDF37C1-F419-4962-B138-014B2063322E}.Release|Any CPU.ActiveCfg = Release|Any CPU
		{CDDF37C1-F419-4962-B138-014B2063322E}.Release|x64.ActiveCfg = Release|Any CPU
		{CDDF37C1-F419-4962-B138-014B2063322E}.Release|x64.Build.0 = Release|Any CPU
		{1D5797C4-FFB5-48F2-A16C-2F45004FC8AD}.Debug|Any CPU.ActiveCfg = Debug|Any CPU
		{1D5797C4-FFB5-48F2-A16C-2F45004FC8AD}.Debug|Any CPU.Build.0 = Debug|Any CPU
		{1D5797C4-FFB5-48F2-A16C-2F45004FC8AD}.Debug|x64.ActiveCfg = Debug|Any CPU
		{1D5797C4-FFB5-48F2-A16C-2F45004FC8AD}.Debug|x64.Build.0 = Debug|Any CPU
		{1D5797C4-FFB5-48F2-A16C-2F45004FC8AD}.Release|Any CPU.ActiveCfg = Release|Any CPU
		{1D5797C4-FFB5-48F2-A16C-2F45004FC8AD}.Release|Any CPU.Build.0 = Release|Any CPU
		{1D5797C4-FFB5-48F2-A16C-2F45004FC8AD}.Release|x64.ActiveCfg = Release|Any CPU
		{1D5797C4-FFB5-48F2-A16C-2F45004FC8AD}.Release|x64.Build.0 = Release|Any CPU
		{F418F409-9F7C-4538-9B32-90FF8F8427FF}.Debug|Any CPU.ActiveCfg = Debug|Any CPU
		{F418F409-9F7C-4538-9B32-90FF8F8427FF}.Debug|Any CPU.Build.0 = Debug|Any CPU
		{F418F409-9F7C-4538-9B32-90FF8F8427FF}.Debug|x64.ActiveCfg = Debug|Any CPU
		{F418F409-9F7C-4538-9B32-90FF8F8427FF}.Debug|x64.Build.0 = Debug|Any CPU
		{F418F409-9F7C-4538-9B32-90FF8F8427FF}.Release|Any CPU.ActiveCfg = Release|Any CPU
		{F418F409-9F7C-4538-9B32-90FF8F8427FF}.Release|Any CPU.Build.0 = Release|Any CPU
		{F418F409-9F7C-4538-9B32-90FF8F8427FF}.Release|x64.ActiveCfg = Release|Any CPU
		{F418F409-9F7C-4538-9B32-90FF8F8427FF}.Release|x64.Build.0 = Release|Any CPU
		{BDD36391-63DF-47D9-A41E-8823D789EF7B}.Debug|Any CPU.ActiveCfg = Debug|Any CPU
		{BDD36391-63DF-47D9-A41E-8823D789EF7B}.Debug|Any CPU.Build.0 = Debug|Any CPU
		{BDD36391-63DF-47D9-A41E-8823D789EF7B}.Debug|x64.ActiveCfg = Debug|Any CPU
		{BDD36391-63DF-47D9-A41E-8823D789EF7B}.Debug|x64.Build.0 = Debug|Any CPU
		{BDD36391-63DF-47D9-A41E-8823D789EF7B}.Release|Any CPU.ActiveCfg = Release|Any CPU
		{BDD36391-63DF-47D9-A41E-8823D789EF7B}.Release|Any CPU.Build.0 = Release|Any CPU
		{BDD36391-63DF-47D9-A41E-8823D789EF7B}.Release|x64.ActiveCfg = Release|Any CPU
		{BDD36391-63DF-47D9-A41E-8823D789EF7B}.Release|x64.Build.0 = Release|Any CPU
		{3DB79391-E557-4D0E-A119-0738142CA268}.Debug|Any CPU.ActiveCfg = Debug|Any CPU
		{3DB79391-E557-4D0E-A119-0738142CA268}.Debug|Any CPU.Build.0 = Debug|Any CPU
		{3DB79391-E557-4D0E-A119-0738142CA268}.Debug|x64.ActiveCfg = Debug|Any CPU
		{3DB79391-E557-4D0E-A119-0738142CA268}.Debug|x64.Build.0 = Debug|Any CPU
		{3DB79391-E557-4D0E-A119-0738142CA268}.Release|Any CPU.ActiveCfg = Release|Any CPU
		{3DB79391-E557-4D0E-A119-0738142CA268}.Release|Any CPU.Build.0 = Release|Any CPU
		{3DB79391-E557-4D0E-A119-0738142CA268}.Release|x64.ActiveCfg = Release|Any CPU
		{3DB79391-E557-4D0E-A119-0738142CA268}.Release|x64.Build.0 = Release|Any CPU
		{7E5D6920-030B-41B1-9CF5-BA15879E1103}.Debug|Any CPU.ActiveCfg = Debug|Any CPU
		{7E5D6920-030B-41B1-9CF5-BA15879E1103}.Debug|Any CPU.Build.0 = Debug|Any CPU
		{7E5D6920-030B-41B1-9CF5-BA15879E1103}.Debug|x64.ActiveCfg = Debug|Any CPU
		{7E5D6920-030B-41B1-9CF5-BA15879E1103}.Debug|x64.Build.0 = Debug|Any CPU
		{7E5D6920-030B-41B1-9CF5-BA15879E1103}.Release|Any CPU.ActiveCfg = Release|Any CPU
		{7E5D6920-030B-41B1-9CF5-BA15879E1103}.Release|Any CPU.Build.0 = Release|Any CPU
		{7E5D6920-030B-41B1-9CF5-BA15879E1103}.Release|x64.ActiveCfg = Release|Any CPU
		{7E5D6920-030B-41B1-9CF5-BA15879E1103}.Release|x64.Build.0 = Release|Any CPU
		{98C14A96-3ECC-4627-A2C3-3A428BF4DD9F}.Debug|Any CPU.ActiveCfg = Debug|Any CPU
		{98C14A96-3ECC-4627-A2C3-3A428BF4DD9F}.Debug|Any CPU.Build.0 = Debug|Any CPU
		{98C14A96-3ECC-4627-A2C3-3A428BF4DD9F}.Debug|x64.ActiveCfg = Debug|Any CPU
		{98C14A96-3ECC-4627-A2C3-3A428BF4DD9F}.Debug|x64.Build.0 = Debug|Any CPU
		{98C14A96-3ECC-4627-A2C3-3A428BF4DD9F}.Release|Any CPU.ActiveCfg = Release|Any CPU
		{98C14A96-3ECC-4627-A2C3-3A428BF4DD9F}.Release|Any CPU.Build.0 = Release|Any CPU
		{98C14A96-3ECC-4627-A2C3-3A428BF4DD9F}.Release|x64.ActiveCfg = Release|Any CPU
		{98C14A96-3ECC-4627-A2C3-3A428BF4DD9F}.Release|x64.Build.0 = Release|Any CPU
		{39FB9F9C-A879-4764-B7E5-02469A331CC1}.Debug|Any CPU.ActiveCfg = Debug|Any CPU
		{39FB9F9C-A879-4764-B7E5-02469A331CC1}.Debug|Any CPU.Build.0 = Debug|Any CPU
		{39FB9F9C-A879-4764-B7E5-02469A331CC1}.Debug|x64.ActiveCfg = Debug|Any CPU
		{39FB9F9C-A879-4764-B7E5-02469A331CC1}.Debug|x64.Build.0 = Debug|Any CPU
		{39FB9F9C-A879-4764-B7E5-02469A331CC1}.Release|Any CPU.ActiveCfg = Release|Any CPU
		{39FB9F9C-A879-4764-B7E5-02469A331CC1}.Release|Any CPU.Build.0 = Release|Any CPU
		{39FB9F9C-A879-4764-B7E5-02469A331CC1}.Release|x64.ActiveCfg = Release|Any CPU
		{39FB9F9C-A879-4764-B7E5-02469A331CC1}.Release|x64.Build.0 = Release|Any CPU
		{1ED283C0-18C5-4E9A-B75F-BA6FA1FD9F26}.Debug|Any CPU.ActiveCfg = Debug|Any CPU
		{1ED283C0-18C5-4E9A-B75F-BA6FA1FD9F26}.Debug|Any CPU.Build.0 = Debug|Any CPU
		{1ED283C0-18C5-4E9A-B75F-BA6FA1FD9F26}.Debug|x64.ActiveCfg = Debug|Any CPU
		{1ED283C0-18C5-4E9A-B75F-BA6FA1FD9F26}.Debug|x64.Build.0 = Debug|Any CPU
		{1ED283C0-18C5-4E9A-B75F-BA6FA1FD9F26}.Release|Any CPU.ActiveCfg = Release|Any CPU
		{1ED283C0-18C5-4E9A-B75F-BA6FA1FD9F26}.Release|Any CPU.Build.0 = Release|Any CPU
		{1ED283C0-18C5-4E9A-B75F-BA6FA1FD9F26}.Release|x64.ActiveCfg = Release|Any CPU
		{1ED283C0-18C5-4E9A-B75F-BA6FA1FD9F26}.Release|x64.Build.0 = Release|Any CPU
		{1A7833B1-2E00-4529-BDE8-C078BB95B6A1}.Debug|Any CPU.ActiveCfg = Debug|Any CPU
		{1A7833B1-2E00-4529-BDE8-C078BB95B6A1}.Debug|Any CPU.Build.0 = Debug|Any CPU
		{1A7833B1-2E00-4529-BDE8-C078BB95B6A1}.Debug|x64.ActiveCfg = Debug|Any CPU
		{1A7833B1-2E00-4529-BDE8-C078BB95B6A1}.Debug|x64.Build.0 = Debug|Any CPU
		{1A7833B1-2E00-4529-BDE8-C078BB95B6A1}.Release|Any CPU.ActiveCfg = Release|Any CPU
		{1A7833B1-2E00-4529-BDE8-C078BB95B6A1}.Release|Any CPU.Build.0 = Release|Any CPU
		{1A7833B1-2E00-4529-BDE8-C078BB95B6A1}.Release|x64.ActiveCfg = Release|Any CPU
		{1A7833B1-2E00-4529-BDE8-C078BB95B6A1}.Release|x64.Build.0 = Release|Any CPU
		{F4A15E98-D1D6-443D-B9A9-E97502B59B80}.Debug|Any CPU.ActiveCfg = Debug|Any CPU
		{F4A15E98-D1D6-443D-B9A9-E97502B59B80}.Debug|Any CPU.Build.0 = Debug|Any CPU
		{F4A15E98-D1D6-443D-B9A9-E97502B59B80}.Debug|x64.ActiveCfg = Debug|Any CPU
		{F4A15E98-D1D6-443D-B9A9-E97502B59B80}.Debug|x64.Build.0 = Debug|Any CPU
		{F4A15E98-D1D6-443D-B9A9-E97502B59B80}.Release|Any CPU.ActiveCfg = Release|Any CPU
		{F4A15E98-D1D6-443D-B9A9-E97502B59B80}.Release|Any CPU.Build.0 = Release|Any CPU
		{F4A15E98-D1D6-443D-B9A9-E97502B59B80}.Release|x64.ActiveCfg = Release|Any CPU
		{F4A15E98-D1D6-443D-B9A9-E97502B59B80}.Release|x64.Build.0 = Release|Any CPU
		{977E5186-1E9F-4FBD-B5CD-E85560A985AB}.Debug|Any CPU.ActiveCfg = Debug|Any CPU
		{977E5186-1E9F-4FBD-B5CD-E85560A985AB}.Debug|Any CPU.Build.0 = Debug|Any CPU
		{977E5186-1E9F-4FBD-B5CD-E85560A985AB}.Debug|x64.ActiveCfg = Debug|Any CPU
		{977E5186-1E9F-4FBD-B5CD-E85560A985AB}.Debug|x64.Build.0 = Debug|Any CPU
		{977E5186-1E9F-4FBD-B5CD-E85560A985AB}.Release|Any CPU.ActiveCfg = Release|Any CPU
		{977E5186-1E9F-4FBD-B5CD-E85560A985AB}.Release|Any CPU.Build.0 = Release|Any CPU
		{977E5186-1E9F-4FBD-B5CD-E85560A985AB}.Release|x64.ActiveCfg = Release|Any CPU
		{977E5186-1E9F-4FBD-B5CD-E85560A985AB}.Release|x64.Build.0 = Release|Any CPU
		{0DF56795-659B-4F30-99DE-B20079A8F925}.Debug|Any CPU.ActiveCfg = Debug|Any CPU
		{0DF56795-659B-4F30-99DE-B20079A8F925}.Debug|Any CPU.Build.0 = Debug|Any CPU
		{0DF56795-659B-4F30-99DE-B20079A8F925}.Debug|x64.ActiveCfg = Debug|Any CPU
		{0DF56795-659B-4F30-99DE-B20079A8F925}.Debug|x64.Build.0 = Debug|Any CPU
		{0DF56795-659B-4F30-99DE-B20079A8F925}.Release|Any CPU.ActiveCfg = Release|Any CPU
		{0DF56795-659B-4F30-99DE-B20079A8F925}.Release|Any CPU.Build.0 = Release|Any CPU
		{0DF56795-659B-4F30-99DE-B20079A8F925}.Release|x64.ActiveCfg = Release|Any CPU
		{0DF56795-659B-4F30-99DE-B20079A8F925}.Release|x64.Build.0 = Release|Any CPU
		{73B69C4D-A864-4000-992B-5FD71A20C852}.Debug|Any CPU.ActiveCfg = Debug|Any CPU
		{73B69C4D-A864-4000-992B-5FD71A20C852}.Debug|Any CPU.Build.0 = Debug|Any CPU
		{73B69C4D-A864-4000-992B-5FD71A20C852}.Debug|x64.ActiveCfg = Debug|Any CPU
		{73B69C4D-A864-4000-992B-5FD71A20C852}.Debug|x64.Build.0 = Debug|Any CPU
		{73B69C4D-A864-4000-992B-5FD71A20C852}.Release|Any CPU.ActiveCfg = Release|Any CPU
		{73B69C4D-A864-4000-992B-5FD71A20C852}.Release|Any CPU.Build.0 = Release|Any CPU
		{73B69C4D-A864-4000-992B-5FD71A20C852}.Release|x64.ActiveCfg = Release|Any CPU
		{73B69C4D-A864-4000-992B-5FD71A20C852}.Release|x64.Build.0 = Release|Any CPU
		{70629021-1A91-49AC-80C9-C661A09F9E20}.Debug|Any CPU.ActiveCfg = Debug|Any CPU
		{70629021-1A91-49AC-80C9-C661A09F9E20}.Debug|Any CPU.Build.0 = Debug|Any CPU
		{70629021-1A91-49AC-80C9-C661A09F9E20}.Debug|x64.ActiveCfg = Debug|Any CPU
		{70629021-1A91-49AC-80C9-C661A09F9E20}.Debug|x64.Build.0 = Debug|Any CPU
		{70629021-1A91-49AC-80C9-C661A09F9E20}.Release|Any CPU.ActiveCfg = Release|Any CPU
		{70629021-1A91-49AC-80C9-C661A09F9E20}.Release|Any CPU.Build.0 = Release|Any CPU
		{70629021-1A91-49AC-80C9-C661A09F9E20}.Release|x64.ActiveCfg = Release|Any CPU
		{70629021-1A91-49AC-80C9-C661A09F9E20}.Release|x64.Build.0 = Release|Any CPU
		{EC2DCBDA-59C0-44D9-B74D-276867900D7F}.Debug|Any CPU.ActiveCfg = Debug|Any CPU
		{EC2DCBDA-59C0-44D9-B74D-276867900D7F}.Debug|Any CPU.Build.0 = Debug|Any CPU
		{EC2DCBDA-59C0-44D9-B74D-276867900D7F}.Debug|x64.ActiveCfg = Debug|Any CPU
		{EC2DCBDA-59C0-44D9-B74D-276867900D7F}.Debug|x64.Build.0 = Debug|Any CPU
		{EC2DCBDA-59C0-44D9-B74D-276867900D7F}.Release|Any CPU.ActiveCfg = Release|Any CPU
		{EC2DCBDA-59C0-44D9-B74D-276867900D7F}.Release|Any CPU.Build.0 = Release|Any CPU
		{EC2DCBDA-59C0-44D9-B74D-276867900D7F}.Release|x64.ActiveCfg = Release|Any CPU
		{EC2DCBDA-59C0-44D9-B74D-276867900D7F}.Release|x64.Build.0 = Release|Any CPU
		{94242F69-668C-46DE-9DEC-883202D3D239}.Debug|Any CPU.ActiveCfg = Debug|Any CPU
		{94242F69-668C-46DE-9DEC-883202D3D239}.Debug|Any CPU.Build.0 = Debug|Any CPU
		{94242F69-668C-46DE-9DEC-883202D3D239}.Debug|x64.ActiveCfg = Debug|Any CPU
		{94242F69-668C-46DE-9DEC-883202D3D239}.Debug|x64.Build.0 = Debug|Any CPU
		{94242F69-668C-46DE-9DEC-883202D3D239}.Release|Any CPU.ActiveCfg = Release|Any CPU
		{94242F69-668C-46DE-9DEC-883202D3D239}.Release|Any CPU.Build.0 = Release|Any CPU
		{94242F69-668C-46DE-9DEC-883202D3D239}.Release|x64.ActiveCfg = Release|Any CPU
		{94242F69-668C-46DE-9DEC-883202D3D239}.Release|x64.Build.0 = Release|Any CPU
	EndGlobalSection
	GlobalSection(SolutionProperties) = preSolution
		HideSolutionNode = FALSE
	EndGlobalSection
	GlobalSection(NestedProjects) = preSolution
		{880494C5-7D5A-45EC-AA9D-45C21B429ED6} = {B527C126-4A06-44F1-B15B-6DF04DF91A0A}
		{BDBC029E-D3DD-41C4-9EE7-4F5699224E99} = {6954AE1E-F39B-43DF-96C9-8C1C46E2D987}
		{265F3478-5371-49E5-985D-CE6CBCE60931} = {3171A6FA-BB69-42C3-BFCA-767B724D0BD5}
		{5DC81E11-2F10-4C7A-BBE5-F84391509929} = {B527C126-4A06-44F1-B15B-6DF04DF91A0A}
		{2E3CCB30-4D28-4A4B-A7AB-AB0728B5AD91} = {3171A6FA-BB69-42C3-BFCA-767B724D0BD5}
		{38EB4ACA-07B1-4174-A780-D60422FA0290} = {A1D40EE1-515C-4DA7-A279-B2C805B15667}
		{3DAF5531-5E8C-4CEE-B483-6A0C17E11532} = {3171A6FA-BB69-42C3-BFCA-767B724D0BD5}
		{2D88954B-9B00-4974-9A33-EF4324396FC1} = {6954AE1E-F39B-43DF-96C9-8C1C46E2D987}
		{676A86DC-BE16-477E-81D3-04868EA2F766} = {6954AE1E-F39B-43DF-96C9-8C1C46E2D987}
		{63CE5E31-C1A5-42CB-9A33-CAC678582A20} = {B527C126-4A06-44F1-B15B-6DF04DF91A0A}
		{701E9868-F460-478B-8144-858797ED1D73} = {B527C126-4A06-44F1-B15B-6DF04DF91A0A}
		{600DBE8A-0B06-46E2-9453-971DCAE12646} = {B527C126-4A06-44F1-B15B-6DF04DF91A0A}
		{ADFBD07B-ABB3-4688-89CD-B743DE9880FB} = {B527C126-4A06-44F1-B15B-6DF04DF91A0A}
		{11548DDB-82E0-4AEE-BB02-2DF4099C905B} = {B527C126-4A06-44F1-B15B-6DF04DF91A0A}
		{1D5797C4-FFB5-48F2-A16C-2F45004FC8AD} = {B527C126-4A06-44F1-B15B-6DF04DF91A0A}
		{F418F409-9F7C-4538-9B32-90FF8F8427FF} = {3171A6FA-BB69-42C3-BFCA-767B724D0BD5}
		{BDD36391-63DF-47D9-A41E-8823D789EF7B} = {6954AE1E-F39B-43DF-96C9-8C1C46E2D987}
		{3DB79391-E557-4D0E-A119-0738142CA268} = {6954AE1E-F39B-43DF-96C9-8C1C46E2D987}
		{7E5D6920-030B-41B1-9CF5-BA15879E1103} = {6954AE1E-F39B-43DF-96C9-8C1C46E2D987}
		{98C14A96-3ECC-4627-A2C3-3A428BF4DD9F} = {6954AE1E-F39B-43DF-96C9-8C1C46E2D987}
		{1ED283C0-18C5-4E9A-B75F-BA6FA1FD9F26} = {B527C126-4A06-44F1-B15B-6DF04DF91A0A}
		{F4A15E98-D1D6-443D-B9A9-E97502B59B80} = {B527C126-4A06-44F1-B15B-6DF04DF91A0A}
		{977E5186-1E9F-4FBD-B5CD-E85560A985AB} = {A1D40EE1-515C-4DA7-A279-B2C805B15667}
		{0DF56795-659B-4F30-99DE-B20079A8F925} = {3171A6FA-BB69-42C3-BFCA-767B724D0BD5}
		{73B69C4D-A864-4000-992B-5FD71A20C852} = {3171A6FA-BB69-42C3-BFCA-767B724D0BD5}
	EndGlobalSection
	GlobalSection(ExtensibilityGlobals) = postSolution
		SolutionGuid = {0228CEE5-162D-4901-8721-2CDCAC4DB6F2}
	EndGlobalSection
EndGlobal
