
Microsoft Visual Studio Solution File, Format Version 12.00
# Visual Studio Version 16
VisualStudioVersion = 16.0.30413.136
MinimumVisualStudioVersion = 10.0.40219.1
Project("{9A19103F-16F7-4668-BE54-9A1E7A4F7556}") = "Anabasis.EventStore.Tests", "Anabasis.EventStore.Tests\Anabasis.EventStore.Tests.csproj", "{880494C5-7D5A-45EC-AA9D-45C21B429ED6}"
EndProject
Project("{9A19103F-16F7-4668-BE54-9A1E7A4F7556}") = "Anabasis.EventStore", "Anabasis.EventStore\Anabasis.EventStore.csproj", "{BDBC029E-D3DD-41C4-9EE7-4F5699224E99}"
EndProject
Project("{2150E333-8FDC-42A3-9474-1A3956D46DE8}") = "Solution Items", "Solution Items", "{2751A486-6A83-4D62-B37E-713DAC303FD8}"
	ProjectSection(SolutionItems) = preProject
		appveyor.yml = appveyor.yml
	EndProjectSection
EndProject
Project("{9A19103F-16F7-4668-BE54-9A1E7A4F7556}") = "Anabasis.EventStore.Demo.Standalone", "Anabasis.EventStore.Demo.Standalone\Anabasis.EventStore.Demo.Standalone.csproj", "{265F3478-5371-49E5-985D-CE6CBCE60931}"
EndProject
Project("{9A19103F-16F7-4668-BE54-9A1E7A4F7556}") = "Anabasis.EventStore.Tests.Integration", "Anabasis.EventStore.Tests.Integration\Anabasis.EventStore.Tests.Integration.csproj", "{5DC81E11-2F10-4C7A-BBE5-F84391509929}"
EndProject
Project("{9A19103F-16F7-4668-BE54-9A1E7A4F7556}") = "Anabasis.EventStore.Demo.AspNet", "Anabasis.EventStore.Demo.AspNet\Anabasis.EventStore.Demo.AspNet.csproj", "{2E3CCB30-4D28-4A4B-A7AB-AB0728B5AD91}"
EndProject
Project("{9A19103F-16F7-4668-BE54-9A1E7A4F7556}") = "Anabasis.EventStore.Samples", "Anabasis.EventStore.Samples\Anabasis.EventStore.Samples.csproj", "{38EB4ACA-07B1-4174-A780-D60422FA0290}"
EndProject
Project("{9A19103F-16F7-4668-BE54-9A1E7A4F7556}") = "Anabasis.EventStore.Demo", "Anabasis.EventStore.Demo\Anabasis.EventStore.Demo.csproj", "{3DAF5531-5E8C-4CEE-B483-6A0C17E11532}"
EndProject
Project("{9A19103F-16F7-4668-BE54-9A1E7A4F7556}") = "Anabasis.EventStore.Snapshot.InMemory", "Anabasis.EventStore.Snapshot.InMemory\Anabasis.EventStore.Snapshot.InMemory.csproj", "{2D88954B-9B00-4974-9A33-EF4324396FC1}"
EndProject
Project("{9A19103F-16F7-4668-BE54-9A1E7A4F7556}") = "Anabasis.EventStore.Standalone", "Anabasis.EventStore.Standalone\Anabasis.EventStore.Standalone.csproj", "{676A86DC-BE16-477E-81D3-04868EA2F766}"
EndProject
Project("{9A19103F-16F7-4668-BE54-9A1E7A4F7556}") = "Anabasis.Api", "Anabasis.Api\Anabasis.Api.csproj", "{50F1D998-C89D-4165-AE57-A42DE2EA2FDA}"
EndProject
Project("{FAE04EC0-301F-11D3-BF4B-00C04F79EFBC}") = "Anabasis.Common", "Anabasis.Common\Anabasis.Common.csproj", "{461F3CAB-F0C8-49C1-8469-94A84C416502}"
EndProject
Global
	GlobalSection(SolutionConfigurationPlatforms) = preSolution
		Debug|Any CPU = Debug|Any CPU
		Debug|x64 = Debug|x64
		Release|Any CPU = Release|Any CPU
		Release|x64 = Release|x64
	EndGlobalSection
	GlobalSection(ProjectConfigurationPlatforms) = postSolution
		{880494C5-7D5A-45EC-AA9D-45C21B429ED6}.Debug|Any CPU.ActiveCfg = Debug|Any CPU
		{880494C5-7D5A-45EC-AA9D-45C21B429ED6}.Debug|Any CPU.Build.0 = Debug|Any CPU
		{880494C5-7D5A-45EC-AA9D-45C21B429ED6}.Debug|x64.ActiveCfg = Debug|x64
		{880494C5-7D5A-45EC-AA9D-45C21B429ED6}.Debug|x64.Build.0 = Debug|x64
		{880494C5-7D5A-45EC-AA9D-45C21B429ED6}.Release|Any CPU.ActiveCfg = Release|Any CPU
		{880494C5-7D5A-45EC-AA9D-45C21B429ED6}.Release|Any CPU.Build.0 = Release|Any CPU
		{880494C5-7D5A-45EC-AA9D-45C21B429ED6}.Release|x64.ActiveCfg = Release|x64
		{880494C5-7D5A-45EC-AA9D-45C21B429ED6}.Release|x64.Build.0 = Release|x64
		{BDBC029E-D3DD-41C4-9EE7-4F5699224E99}.Debug|Any CPU.ActiveCfg = Debug|Any CPU
		{BDBC029E-D3DD-41C4-9EE7-4F5699224E99}.Debug|Any CPU.Build.0 = Debug|Any CPU
		{BDBC029E-D3DD-41C4-9EE7-4F5699224E99}.Debug|x64.ActiveCfg = Debug|x64
		{BDBC029E-D3DD-41C4-9EE7-4F5699224E99}.Debug|x64.Build.0 = Debug|x64
		{BDBC029E-D3DD-41C4-9EE7-4F5699224E99}.Release|Any CPU.ActiveCfg = Release|Any CPU
		{BDBC029E-D3DD-41C4-9EE7-4F5699224E99}.Release|Any CPU.Build.0 = Release|Any CPU
		{BDBC029E-D3DD-41C4-9EE7-4F5699224E99}.Release|x64.ActiveCfg = Release|Any CPU
		{BDBC029E-D3DD-41C4-9EE7-4F5699224E99}.Release|x64.Build.0 = Release|Any CPU
		{265F3478-5371-49E5-985D-CE6CBCE60931}.Debug|Any CPU.ActiveCfg = Debug|Any CPU
		{265F3478-5371-49E5-985D-CE6CBCE60931}.Debug|Any CPU.Build.0 = Debug|Any CPU
		{265F3478-5371-49E5-985D-CE6CBCE60931}.Debug|x64.ActiveCfg = Debug|x64
		{265F3478-5371-49E5-985D-CE6CBCE60931}.Debug|x64.Build.0 = Debug|x64
		{265F3478-5371-49E5-985D-CE6CBCE60931}.Release|Any CPU.ActiveCfg = Release|Any CPU
		{265F3478-5371-49E5-985D-CE6CBCE60931}.Release|Any CPU.Build.0 = Release|Any CPU
		{265F3478-5371-49E5-985D-CE6CBCE60931}.Release|x64.ActiveCfg = Release|Any CPU
		{265F3478-5371-49E5-985D-CE6CBCE60931}.Release|x64.Build.0 = Release|Any CPU
		{5DC81E11-2F10-4C7A-BBE5-F84391509929}.Debug|Any CPU.ActiveCfg = Debug|Any CPU
		{5DC81E11-2F10-4C7A-BBE5-F84391509929}.Debug|Any CPU.Build.0 = Debug|Any CPU
		{5DC81E11-2F10-4C7A-BBE5-F84391509929}.Debug|x64.ActiveCfg = Debug|Any CPU
		{5DC81E11-2F10-4C7A-BBE5-F84391509929}.Debug|x64.Build.0 = Debug|Any CPU
		{5DC81E11-2F10-4C7A-BBE5-F84391509929}.Release|Any CPU.ActiveCfg = Release|Any CPU
		{5DC81E11-2F10-4C7A-BBE5-F84391509929}.Release|Any CPU.Build.0 = Release|Any CPU
		{5DC81E11-2F10-4C7A-BBE5-F84391509929}.Release|x64.ActiveCfg = Release|Any CPU
		{5DC81E11-2F10-4C7A-BBE5-F84391509929}.Release|x64.Build.0 = Release|Any CPU
		{2E3CCB30-4D28-4A4B-A7AB-AB0728B5AD91}.Debug|Any CPU.ActiveCfg = Debug|Any CPU
		{2E3CCB30-4D28-4A4B-A7AB-AB0728B5AD91}.Debug|Any CPU.Build.0 = Debug|Any CPU
		{2E3CCB30-4D28-4A4B-A7AB-AB0728B5AD91}.Debug|x64.ActiveCfg = Debug|Any CPU
		{2E3CCB30-4D28-4A4B-A7AB-AB0728B5AD91}.Debug|x64.Build.0 = Debug|Any CPU
		{2E3CCB30-4D28-4A4B-A7AB-AB0728B5AD91}.Release|Any CPU.ActiveCfg = Release|Any CPU
		{2E3CCB30-4D28-4A4B-A7AB-AB0728B5AD91}.Release|Any CPU.Build.0 = Release|Any CPU
		{2E3CCB30-4D28-4A4B-A7AB-AB0728B5AD91}.Release|x64.ActiveCfg = Release|Any CPU
		{2E3CCB30-4D28-4A4B-A7AB-AB0728B5AD91}.Release|x64.Build.0 = Release|Any CPU
		{38EB4ACA-07B1-4174-A780-D60422FA0290}.Debug|Any CPU.ActiveCfg = Debug|Any CPU
		{38EB4ACA-07B1-4174-A780-D60422FA0290}.Debug|Any CPU.Build.0 = Debug|Any CPU
		{38EB4ACA-07B1-4174-A780-D60422FA0290}.Debug|x64.ActiveCfg = Debug|Any CPU
		{38EB4ACA-07B1-4174-A780-D60422FA0290}.Debug|x64.Build.0 = Debug|Any CPU
		{38EB4ACA-07B1-4174-A780-D60422FA0290}.Release|Any CPU.ActiveCfg = Release|Any CPU
		{38EB4ACA-07B1-4174-A780-D60422FA0290}.Release|Any CPU.Build.0 = Release|Any CPU
		{38EB4ACA-07B1-4174-A780-D60422FA0290}.Release|x64.ActiveCfg = Release|Any CPU
		{38EB4ACA-07B1-4174-A780-D60422FA0290}.Release|x64.Build.0 = Release|Any CPU
		{3DAF5531-5E8C-4CEE-B483-6A0C17E11532}.Debug|Any CPU.ActiveCfg = Debug|Any CPU
		{3DAF5531-5E8C-4CEE-B483-6A0C17E11532}.Debug|Any CPU.Build.0 = Debug|Any CPU
		{3DAF5531-5E8C-4CEE-B483-6A0C17E11532}.Debug|x64.ActiveCfg = Debug|Any CPU
		{3DAF5531-5E8C-4CEE-B483-6A0C17E11532}.Debug|x64.Build.0 = Debug|Any CPU
		{3DAF5531-5E8C-4CEE-B483-6A0C17E11532}.Release|Any CPU.ActiveCfg = Release|Any CPU
		{3DAF5531-5E8C-4CEE-B483-6A0C17E11532}.Release|Any CPU.Build.0 = Release|Any CPU
		{3DAF5531-5E8C-4CEE-B483-6A0C17E11532}.Release|x64.ActiveCfg = Release|Any CPU
		{3DAF5531-5E8C-4CEE-B483-6A0C17E11532}.Release|x64.Build.0 = Release|Any CPU
		{2D88954B-9B00-4974-9A33-EF4324396FC1}.Debug|Any CPU.ActiveCfg = Debug|Any CPU
		{2D88954B-9B00-4974-9A33-EF4324396FC1}.Debug|Any CPU.Build.0 = Debug|Any CPU
		{2D88954B-9B00-4974-9A33-EF4324396FC1}.Debug|x64.ActiveCfg = Debug|Any CPU
		{2D88954B-9B00-4974-9A33-EF4324396FC1}.Debug|x64.Build.0 = Debug|Any CPU
		{2D88954B-9B00-4974-9A33-EF4324396FC1}.Release|Any CPU.ActiveCfg = Release|Any CPU
		{2D88954B-9B00-4974-9A33-EF4324396FC1}.Release|Any CPU.Build.0 = Release|Any CPU
		{2D88954B-9B00-4974-9A33-EF4324396FC1}.Release|x64.ActiveCfg = Release|Any CPU
		{2D88954B-9B00-4974-9A33-EF4324396FC1}.Release|x64.Build.0 = Release|Any CPU
		{676A86DC-BE16-477E-81D3-04868EA2F766}.Debug|Any CPU.ActiveCfg = Debug|Any CPU
		{676A86DC-BE16-477E-81D3-04868EA2F766}.Debug|Any CPU.Build.0 = Debug|Any CPU
		{676A86DC-BE16-477E-81D3-04868EA2F766}.Debug|x64.ActiveCfg = Debug|Any CPU
		{676A86DC-BE16-477E-81D3-04868EA2F766}.Debug|x64.Build.0 = Debug|Any CPU
		{676A86DC-BE16-477E-81D3-04868EA2F766}.Release|Any CPU.ActiveCfg = Release|Any CPU
		{676A86DC-BE16-477E-81D3-04868EA2F766}.Release|Any CPU.Build.0 = Release|Any CPU
		{676A86DC-BE16-477E-81D3-04868EA2F766}.Release|x64.ActiveCfg = Release|Any CPU
		{676A86DC-BE16-477E-81D3-04868EA2F766}.Release|x64.Build.0 = Release|Any CPU
		{50F1D998-C89D-4165-AE57-A42DE2EA2FDA}.Debug|Any CPU.ActiveCfg = Debug|Any CPU
		{50F1D998-C89D-4165-AE57-A42DE2EA2FDA}.Debug|Any CPU.Build.0 = Debug|Any CPU
		{50F1D998-C89D-4165-AE57-A42DE2EA2FDA}.Debug|x64.ActiveCfg = Debug|Any CPU
		{50F1D998-C89D-4165-AE57-A42DE2EA2FDA}.Debug|x64.Build.0 = Debug|Any CPU
		{50F1D998-C89D-4165-AE57-A42DE2EA2FDA}.Release|Any CPU.ActiveCfg = Release|Any CPU
		{50F1D998-C89D-4165-AE57-A42DE2EA2FDA}.Release|Any CPU.Build.0 = Release|Any CPU
		{50F1D998-C89D-4165-AE57-A42DE2EA2FDA}.Release|x64.ActiveCfg = Release|Any CPU
		{50F1D998-C89D-4165-AE57-A42DE2EA2FDA}.Release|x64.Build.0 = Release|Any CPU
		{461F3CAB-F0C8-49C1-8469-94A84C416502}.Debug|Any CPU.ActiveCfg = Debug|Any CPU
		{461F3CAB-F0C8-49C1-8469-94A84C416502}.Debug|Any CPU.Build.0 = Debug|Any CPU
		{461F3CAB-F0C8-49C1-8469-94A84C416502}.Debug|x64.ActiveCfg = Debug|Any CPU
		{461F3CAB-F0C8-49C1-8469-94A84C416502}.Debug|x64.Build.0 = Debug|Any CPU
		{461F3CAB-F0C8-49C1-8469-94A84C416502}.Release|Any CPU.ActiveCfg = Release|Any CPU
		{461F3CAB-F0C8-49C1-8469-94A84C416502}.Release|Any CPU.Build.0 = Release|Any CPU
		{461F3CAB-F0C8-49C1-8469-94A84C416502}.Release|x64.ActiveCfg = Release|Any CPU
		{461F3CAB-F0C8-49C1-8469-94A84C416502}.Release|x64.Build.0 = Release|Any CPU
	EndGlobalSection
	GlobalSection(SolutionProperties) = preSolution
		HideSolutionNode = FALSE
	EndGlobalSection
	GlobalSection(ExtensibilityGlobals) = postSolution
		SolutionGuid = {0228CEE5-162D-4901-8721-2CDCAC4DB6F2}
	EndGlobalSection
EndGlobal
