
Microsoft Visual Studio Solution File, Format Version 12.00
# Visual Studio Version 16
VisualStudioVersion = 16.0.30413.136
MinimumVisualStudioVersion = 10.0.40219.1
Project("{2150E333-8FDC-42A3-9474-1A3956D46DE8}") = "Solution Items", "Solution Items", "{2751A486-6A83-4D62-B37E-713DAC303FD8}"
	ProjectSection(SolutionItems) = preProject
		.gitignore = .gitignore
		appveyor.yml = appveyor.yml
		README.md = README.md
	EndProjectSection
EndProject
Project("{2150E333-8FDC-42A3-9474-1A3956D46DE8}") = "Tests", "Tests", "{B527C126-4A06-44F1-B15B-6DF04DF91A0A}"
EndProject
Project("{9A19103F-16F7-4668-BE54-9A1E7A4F7556}") = "Anabasis.Deployment", "Anabasis.Deployment\Anabasis.Deployment.csproj", "{ADBA98EC-5097-4647-96E1-E75D2E16FD07}"
EndProject
Project("{9A19103F-16F7-4668-BE54-9A1E7A4F7556}") = "Anabasis.Deployment.Tests", "Anabasis.Deployment.Tests\Anabasis.Deployment.Tests.csproj", "{CACB8BFF-F138-426B-9189-DCED25AF491B}"
EndProject
Project("{9A19103F-16F7-4668-BE54-9A1E7A4F7556}") = "Anabasis.Deployment.Test.App", "Anabasis.Deployment.Test.App\Anabasis.Deployment.Test.App.csproj", "{DC0C2AEF-4030-4379-ADF8-E4D1CF84255E}"
EndProject
Project("{9A19103F-16F7-4668-BE54-9A1E7A4F7556}") = "Anabasis.Common", "Anabasis.Common\Anabasis.Common.csproj", "{7E883CC6-D94A-488C-8336-DB3F25A53C07}"
EndProject
Global
	GlobalSection(SolutionConfigurationPlatforms) = preSolution
		Debug|Any CPU = Debug|Any CPU
		Release|Any CPU = Release|Any CPU
	EndGlobalSection
	GlobalSection(ProjectConfigurationPlatforms) = postSolution
		{ADBA98EC-5097-4647-96E1-E75D2E16FD07}.Debug|Any CPU.ActiveCfg = Debug|Any CPU
		{ADBA98EC-5097-4647-96E1-E75D2E16FD07}.Debug|Any CPU.Build.0 = Debug|Any CPU
		{ADBA98EC-5097-4647-96E1-E75D2E16FD07}.Release|Any CPU.ActiveCfg = Release|Any CPU
		{ADBA98EC-5097-4647-96E1-E75D2E16FD07}.Release|Any CPU.Build.0 = Release|Any CPU
		{CACB8BFF-F138-426B-9189-DCED25AF491B}.Debug|Any CPU.ActiveCfg = Debug|Any CPU
		{CACB8BFF-F138-426B-9189-DCED25AF491B}.Debug|Any CPU.Build.0 = Debug|Any CPU
		{CACB8BFF-F138-426B-9189-DCED25AF491B}.Release|Any CPU.ActiveCfg = Release|Any CPU
		{CACB8BFF-F138-426B-9189-DCED25AF491B}.Release|Any CPU.Build.0 = Release|Any CPU
		{DC0C2AEF-4030-4379-ADF8-E4D1CF84255E}.Debug|Any CPU.ActiveCfg = Debug|Any CPU
		{DC0C2AEF-4030-4379-ADF8-E4D1CF84255E}.Debug|Any CPU.Build.0 = Debug|Any CPU
		{DC0C2AEF-4030-4379-ADF8-E4D1CF84255E}.Release|Any CPU.ActiveCfg = Release|Any CPU
		{DC0C2AEF-4030-4379-ADF8-E4D1CF84255E}.Release|Any CPU.Build.0 = Release|Any CPU
		{7E883CC6-D94A-488C-8336-DB3F25A53C07}.Debug|Any CPU.ActiveCfg = Debug|Any CPU
		{7E883CC6-D94A-488C-8336-DB3F25A53C07}.Debug|Any CPU.Build.0 = Debug|Any CPU
		{7E883CC6-D94A-488C-8336-DB3F25A53C07}.Release|Any CPU.ActiveCfg = Release|Any CPU
		{7E883CC6-D94A-488C-8336-DB3F25A53C07}.Release|Any CPU.Build.0 = Release|Any CPU
	EndGlobalSection
	GlobalSection(SolutionProperties) = preSolution
		HideSolutionNode = FALSE
	EndGlobalSection
	GlobalSection(NestedProjects) = preSolution
		{CACB8BFF-F138-426B-9189-DCED25AF491B} = {B527C126-4A06-44F1-B15B-6DF04DF91A0A}
		{DC0C2AEF-4030-4379-ADF8-E4D1CF84255E} = {B527C126-4A06-44F1-B15B-6DF04DF91A0A}
	EndGlobalSection
	GlobalSection(ExtensibilityGlobals) = postSolution
		SolutionGuid = {0228CEE5-162D-4901-8721-2CDCAC4DB6F2}
	EndGlobalSection
EndGlobal
