
Microsoft Visual Studio Solution File, Format Version 12.00
# Visual Studio Version 16
VisualStudioVersion = 16.0.31313.79
MinimumVisualStudioVersion = 10.0.40219.1
Project("{FAE04EC0-301F-11D3-BF4B-00C04F79EFBC}") = "PocDeployment", "PocDeployment.csproj", "{A777A42C-9551-4999-99FF-5C6DA83EFBA3}"
EndProject
Project("{9A19103F-16F7-4668-BE54-9A1E7A4F7556}") = "_build", "..\..\build\_build.csproj", "{5EFD7ED7-AC9F-4F75-8372-0FE7495D3E70}"
EndProject
Global
	GlobalSection(SolutionConfigurationPlatforms) = preSolution
		Debug|Any CPU = Debug|Any CPU
		Release|Any CPU = Release|Any CPU
	EndGlobalSection
	GlobalSection(ProjectConfigurationPlatforms) = postSolution
		{5EFD7ED7-AC9F-4F75-8372-0FE7495D3E70}.Debug|Any CPU.ActiveCfg = Debug|Any CPU
		{5EFD7ED7-AC9F-4F75-8372-0FE7495D3E70}.Release|Any CPU.ActiveCfg = Release|Any CPU
		{A777A42C-9551-4999-99FF-5C6DA83EFBA3}.Debug|Any CPU.ActiveCfg = Debug|Any CPU
		{A777A42C-9551-4999-99FF-5C6DA83EFBA3}.Debug|Any CPU.Build.0 = Debug|Any CPU
		{A777A42C-9551-4999-99FF-5C6DA83EFBA3}.Release|Any CPU.ActiveCfg = Release|Any CPU
		{A777A42C-9551-4999-99FF-5C6DA83EFBA3}.Release|Any CPU.Build.0 = Release|Any CPU
	EndGlobalSection
	GlobalSection(SolutionProperties) = preSolution
		HideSolutionNode = FALSE
	EndGlobalSection
	GlobalSection(ExtensibilityGlobals) = postSolution
		SolutionGuid = {ABF61771-BFE5-46B3-B0CE-FD09335A4C5C}
	EndGlobalSection
EndGlobal
