
Microsoft Visual Studio Solution File, Format Version 12.00
# Visual Studio Version 16
VisualStudioVersion = 16.0.30413.136
MinimumVisualStudioVersion = 10.0.40219.1
Project("{9A19103F-16F7-4668-BE54-9A1E7A4F7556}") = "Anabasis.Exporter", "Anabasis.Exporter\Anabasis.Exporter.csproj", "{E05D1C7F-2CE1-45AC-967A-C1B4D65B362C}"
EndProject
Project("{9A19103F-16F7-4668-BE54-9A1E7A4F7556}") = "Anabasis.Tests", "Anabasis.Exporter.Tests\Anabasis.Tests.csproj", "{880494C5-7D5A-45EC-AA9D-45C21B429ED6}"
EndProject
Project("{9A19103F-16F7-4668-BE54-9A1E7A4F7556}") = "Anabasis.Importer", "Anabasis.Importer\Anabasis.Importer.csproj", "{77595727-BF79-4C46-A9C7-56C8CCED46DC}"
EndProject
Project("{9A19103F-16F7-4668-BE54-9A1E7A4F7556}") = "Anabasis.Common", "Anabasis.Common\Anabasis.Common.csproj", "{280FD381-AEA5-4410-A102-61E929397A85}"
EndProject
Project("{9A19103F-16F7-4668-BE54-9A1E7A4F7556}") = "Anabasis.App", "Anabasis.App\Anabasis.App.csproj", "{67C92DD6-5ED8-415C-9424-15F0A60E17FD}"
EndProject
Project("{9A19103F-16F7-4668-BE54-9A1E7A4F7556}") = "Anabasis.EventStore", "Anabasis.EventStore\Anabasis.EventStore.csproj", "{BDBC029E-D3DD-41C4-9EE7-4F5699224E99}"
EndProject
Global
	GlobalSection(SolutionConfigurationPlatforms) = preSolution
		Debug|Any CPU = Debug|Any CPU
		Debug|x64 = Debug|x64
		Release|Any CPU = Release|Any CPU
		Release|x64 = Release|x64
	EndGlobalSection
	GlobalSection(ProjectConfigurationPlatforms) = postSolution
		{E05D1C7F-2CE1-45AC-967A-C1B4D65B362C}.Debug|Any CPU.ActiveCfg = Debug|Any CPU
		{E05D1C7F-2CE1-45AC-967A-C1B4D65B362C}.Debug|Any CPU.Build.0 = Debug|Any CPU
		{E05D1C7F-2CE1-45AC-967A-C1B4D65B362C}.Debug|x64.ActiveCfg = Debug|Any CPU
		{E05D1C7F-2CE1-45AC-967A-C1B4D65B362C}.Debug|x64.Build.0 = Debug|Any CPU
		{E05D1C7F-2CE1-45AC-967A-C1B4D65B362C}.Release|Any CPU.ActiveCfg = Release|Any CPU
		{E05D1C7F-2CE1-45AC-967A-C1B4D65B362C}.Release|Any CPU.Build.0 = Release|Any CPU
		{E05D1C7F-2CE1-45AC-967A-C1B4D65B362C}.Release|x64.ActiveCfg = Release|Any CPU
		{E05D1C7F-2CE1-45AC-967A-C1B4D65B362C}.Release|x64.Build.0 = Release|Any CPU
		{880494C5-7D5A-45EC-AA9D-45C21B429ED6}.Debug|Any CPU.ActiveCfg = Debug|Any CPU
		{880494C5-7D5A-45EC-AA9D-45C21B429ED6}.Debug|Any CPU.Build.0 = Debug|Any CPU
		{880494C5-7D5A-45EC-AA9D-45C21B429ED6}.Debug|x64.ActiveCfg = Debug|x64
		{880494C5-7D5A-45EC-AA9D-45C21B429ED6}.Debug|x64.Build.0 = Debug|x64
		{880494C5-7D5A-45EC-AA9D-45C21B429ED6}.Release|Any CPU.ActiveCfg = Release|Any CPU
		{880494C5-7D5A-45EC-AA9D-45C21B429ED6}.Release|Any CPU.Build.0 = Release|Any CPU
		{880494C5-7D5A-45EC-AA9D-45C21B429ED6}.Release|x64.ActiveCfg = Release|x64
		{880494C5-7D5A-45EC-AA9D-45C21B429ED6}.Release|x64.Build.0 = Release|x64
		{77595727-BF79-4C46-A9C7-56C8CCED46DC}.Debug|Any CPU.ActiveCfg = Debug|Any CPU
		{77595727-BF79-4C46-A9C7-56C8CCED46DC}.Debug|Any CPU.Build.0 = Debug|Any CPU
		{77595727-BF79-4C46-A9C7-56C8CCED46DC}.Debug|x64.ActiveCfg = Debug|Any CPU
		{77595727-BF79-4C46-A9C7-56C8CCED46DC}.Debug|x64.Build.0 = Debug|Any CPU
		{77595727-BF79-4C46-A9C7-56C8CCED46DC}.Release|Any CPU.ActiveCfg = Release|Any CPU
		{77595727-BF79-4C46-A9C7-56C8CCED46DC}.Release|Any CPU.Build.0 = Release|Any CPU
		{77595727-BF79-4C46-A9C7-56C8CCED46DC}.Release|x64.ActiveCfg = Release|Any CPU
		{77595727-BF79-4C46-A9C7-56C8CCED46DC}.Release|x64.Build.0 = Release|Any CPU
		{280FD381-AEA5-4410-A102-61E929397A85}.Debug|Any CPU.ActiveCfg = Debug|Any CPU
		{280FD381-AEA5-4410-A102-61E929397A85}.Debug|Any CPU.Build.0 = Debug|Any CPU
		{280FD381-AEA5-4410-A102-61E929397A85}.Debug|x64.ActiveCfg = Debug|Any CPU
		{280FD381-AEA5-4410-A102-61E929397A85}.Debug|x64.Build.0 = Debug|Any CPU
		{280FD381-AEA5-4410-A102-61E929397A85}.Release|Any CPU.ActiveCfg = Release|Any CPU
		{280FD381-AEA5-4410-A102-61E929397A85}.Release|Any CPU.Build.0 = Release|Any CPU
		{280FD381-AEA5-4410-A102-61E929397A85}.Release|x64.ActiveCfg = Release|Any CPU
		{280FD381-AEA5-4410-A102-61E929397A85}.Release|x64.Build.0 = Release|Any CPU
		{67C92DD6-5ED8-415C-9424-15F0A60E17FD}.Debug|Any CPU.ActiveCfg = Debug|Any CPU
		{67C92DD6-5ED8-415C-9424-15F0A60E17FD}.Debug|Any CPU.Build.0 = Debug|Any CPU
		{67C92DD6-5ED8-415C-9424-15F0A60E17FD}.Debug|x64.ActiveCfg = Debug|Any CPU
		{67C92DD6-5ED8-415C-9424-15F0A60E17FD}.Debug|x64.Build.0 = Debug|Any CPU
		{67C92DD6-5ED8-415C-9424-15F0A60E17FD}.Release|Any CPU.ActiveCfg = Release|Any CPU
		{67C92DD6-5ED8-415C-9424-15F0A60E17FD}.Release|Any CPU.Build.0 = Release|Any CPU
		{67C92DD6-5ED8-415C-9424-15F0A60E17FD}.Release|x64.ActiveCfg = Release|Any CPU
		{67C92DD6-5ED8-415C-9424-15F0A60E17FD}.Release|x64.Build.0 = Release|Any CPU
		{BDBC029E-D3DD-41C4-9EE7-4F5699224E99}.Debug|Any CPU.ActiveCfg = Debug|Any CPU
		{BDBC029E-D3DD-41C4-9EE7-4F5699224E99}.Debug|Any CPU.Build.0 = Debug|Any CPU
		{BDBC029E-D3DD-41C4-9EE7-4F5699224E99}.Debug|x64.ActiveCfg = Debug|Any CPU
		{BDBC029E-D3DD-41C4-9EE7-4F5699224E99}.Debug|x64.Build.0 = Debug|Any CPU
		{BDBC029E-D3DD-41C4-9EE7-4F5699224E99}.Release|Any CPU.ActiveCfg = Release|Any CPU
		{BDBC029E-D3DD-41C4-9EE7-4F5699224E99}.Release|Any CPU.Build.0 = Release|Any CPU
		{BDBC029E-D3DD-41C4-9EE7-4F5699224E99}.Release|x64.ActiveCfg = Release|Any CPU
		{BDBC029E-D3DD-41C4-9EE7-4F5699224E99}.Release|x64.Build.0 = Release|Any CPU
	EndGlobalSection
	GlobalSection(SolutionProperties) = preSolution
		HideSolutionNode = FALSE
	EndGlobalSection
	GlobalSection(ExtensibilityGlobals) = postSolution
		SolutionGuid = {0228CEE5-162D-4901-8721-2CDCAC4DB6F2}
	EndGlobalSection
EndGlobal
